
Microsoft Visual Studio Solution File, Format Version 12.00
# Visual Studio Version 17
VisualStudioVersion = 17.8.34511.84
MinimumVisualStudioVersion = 10.0.40219.1
Project("{FAE04EC0-301F-11D3-BF4B-00C04F79EFBC}") = "randomized", "randomized\randomized.csproj", "{8B2FF82C-44F6-40E8-8CFF-C42DAE3DAF65}"
EndProject
Global
	GlobalSection(SolutionConfigurationPlatforms) = preSolution
		Debug|Any CPU = Debug|Any CPU
		Release|Any CPU = Release|Any CPU
	EndGlobalSection
	GlobalSection(ProjectConfigurationPlatforms) = postSolution
		{8B2FF82C-44F6-40E8-8CFF-C42DAE3DAF65}.Debug|Any CPU.ActiveCfg = Debug|Any CPU
		{8B2FF82C-44F6-40E8-8CFF-C42DAE3DAF65}.Debug|Any CPU.Build.0 = Debug|Any CPU
		{8B2FF82C-44F6-40E8-8CFF-C42DAE3DAF65}.Release|Any CPU.ActiveCfg = Release|Any CPU
		{8B2FF82C-44F6-40E8-8CFF-C42DAE3DAF65}.Release|Any CPU.Build.0 = Release|Any CPU
	EndGlobalSection
	GlobalSection(SolutionProperties) = preSolution
		HideSolutionNode = FALSE
	EndGlobalSection
	GlobalSection(ExtensibilityGlobals) = postSolution
		SolutionGuid = {AE177F2E-BA1E-4DB3-A1C0-0C0AA449C7B7}
	EndGlobalSection
EndGlobal
